
Microsoft Visual Studio Solution File, Format Version 12.00
# Visual Studio Version 17
VisualStudioVersion = 17.4.33403.182
MinimumVisualStudioVersion = 10.0.40219.1
Project("{8BC9CEB8-8B4A-11D0-8D11-00A0C91BC942}") = "client-vs", "client-vs\client-vs.vcxproj", "{0F874445-743A-42B5-ABE3-85551C5D6CF0}"
EndProject
Global
	GlobalSection(SolutionConfigurationPlatforms) = preSolution
		Debug|x64 = Debug|x64
		Debug|x86 = Debug|x86
		Release|x64 = Release|x64
		Release|x86 = Release|x86
	EndGlobalSection
	GlobalSection(ProjectConfigurationPlatforms) = postSolution
		{0F874445-743A-42B5-ABE3-85551C5D6CF0}.Debug|x64.ActiveCfg = Debug|x64
		{0F874445-743A-42B5-ABE3-85551C5D6CF0}.Debug|x64.Build.0 = Debug|x64
		{0F874445-743A-42B5-ABE3-85551C5D6CF0}.Debug|x86.ActiveCfg = Debug|Win32
		{0F874445-743A-42B5-ABE3-85551C5D6CF0}.Debug|x86.Build.0 = Debug|Win32
		{0F874445-743A-42B5-ABE3-85551C5D6CF0}.Release|x64.ActiveCfg = Release|x64
		{0F874445-743A-42B5-ABE3-85551C5D6CF0}.Release|x64.Build.0 = Release|x64
		{0F874445-743A-42B5-ABE3-85551C5D6CF0}.Release|x86.ActiveCfg = Release|Win32
		{0F874445-743A-42B5-ABE3-85551C5D6CF0}.Release|x86.Build.0 = Release|Win32
	EndGlobalSection
	GlobalSection(SolutionProperties) = preSolution
		HideSolutionNode = FALSE
	EndGlobalSection
	GlobalSection(ExtensibilityGlobals) = postSolution
		SolutionGuid = {8ED5A53B-9A08-4675-AE36-17FF8F8B97F4}
	EndGlobalSection
EndGlobal
